
Microsoft Visual Studio Solution File, Format Version 12.00
# Visual Studio Version 17
VisualStudioVersion = 17.4.33213.308
MinimumVisualStudioVersion = 10.0.40219.1
Project("{FAE04EC0-301F-11D3-BF4B-00C04F79EFBC}") = "Week13SQLiteDB", "Week13SQLiteDB\Week13SQLiteDB.csproj", "{DC1A8BAE-ACA8-4F23-A3B4-E1BC0523F9C4}"
EndProject
Global
	GlobalSection(SolutionConfigurationPlatforms) = preSolution
		Debug|Any CPU = Debug|Any CPU
		Release|Any CPU = Release|Any CPU
	EndGlobalSection
	GlobalSection(ProjectConfigurationPlatforms) = postSolution
		{DC1A8BAE-ACA8-4F23-A3B4-E1BC0523F9C4}.Debug|Any CPU.ActiveCfg = Debug|Any CPU
		{DC1A8BAE-ACA8-4F23-A3B4-E1BC0523F9C4}.Debug|Any CPU.Build.0 = Debug|Any CPU
		{DC1A8BAE-ACA8-4F23-A3B4-E1BC0523F9C4}.Release|Any CPU.ActiveCfg = Release|Any CPU
		{DC1A8BAE-ACA8-4F23-A3B4-E1BC0523F9C4}.Release|Any CPU.Build.0 = Release|Any CPU
	EndGlobalSection
	GlobalSection(SolutionProperties) = preSolution
		HideSolutionNode = FALSE
	EndGlobalSection
	GlobalSection(ExtensibilityGlobals) = postSolution
		SolutionGuid = {7753938A-C94A-4034-97BD-2D0E9E93C049}
	EndGlobalSection
EndGlobal
